
Microsoft Visual Studio Solution File, Format Version 12.00
# Visual Studio Version 17
VisualStudioVersion = 17.6.33829.357
MinimumVisualStudioVersion = 10.0.40219.1
Project("{8BC9CEB8-8B4A-11D0-8D11-00A0C91BC942}") = "Q.01-2", "Q.01-2.vcxproj", "{045346A1-54F6-401E-9D4F-2FD5D887D52F}"
EndProject
Global
	GlobalSection(SolutionConfigurationPlatforms) = preSolution
		Debug|x64 = Debug|x64
		Debug|x86 = Debug|x86
		Release|x64 = Release|x64
		Release|x86 = Release|x86
	EndGlobalSection
	GlobalSection(ProjectConfigurationPlatforms) = postSolution
		{045346A1-54F6-401E-9D4F-2FD5D887D52F}.Debug|x64.ActiveCfg = Debug|x64
		{045346A1-54F6-401E-9D4F-2FD5D887D52F}.Debug|x64.Build.0 = Debug|x64
		{045346A1-54F6-401E-9D4F-2FD5D887D52F}.Debug|x86.ActiveCfg = Debug|Win32
		{045346A1-54F6-401E-9D4F-2FD5D887D52F}.Debug|x86.Build.0 = Debug|Win32
		{045346A1-54F6-401E-9D4F-2FD5D887D52F}.Release|x64.ActiveCfg = Release|x64
		{045346A1-54F6-401E-9D4F-2FD5D887D52F}.Release|x64.Build.0 = Release|x64
		{045346A1-54F6-401E-9D4F-2FD5D887D52F}.Release|x86.ActiveCfg = Release|Win32
		{045346A1-54F6-401E-9D4F-2FD5D887D52F}.Release|x86.Build.0 = Release|Win32
	EndGlobalSection
	GlobalSection(SolutionProperties) = preSolution
		HideSolutionNode = FALSE
	EndGlobalSection
	GlobalSection(ExtensibilityGlobals) = postSolution
		SolutionGuid = {0770360C-512F-4882-B9B8-DF9F4C2F248E}
	EndGlobalSection
EndGlobal
