
Microsoft Visual Studio Solution File, Format Version 12.00
# Visual Studio Version 17
VisualStudioVersion = 17.6.33829.357
MinimumVisualStudioVersion = 10.0.40219.1
Project("{8BC9CEB8-8B4A-11D0-8D11-00A0C91BC942}") = "2", "2.vcxproj", "{964D5F05-5895-4913-9731-AEF6B7EC436B}"
EndProject
Global
	GlobalSection(SolutionConfigurationPlatforms) = preSolution
		Debug|x64 = Debug|x64
		Debug|x86 = Debug|x86
		Release|x64 = Release|x64
		Release|x86 = Release|x86
	EndGlobalSection
	GlobalSection(ProjectConfigurationPlatforms) = postSolution
		{964D5F05-5895-4913-9731-AEF6B7EC436B}.Debug|x64.ActiveCfg = Debug|x64
		{964D5F05-5895-4913-9731-AEF6B7EC436B}.Debug|x64.Build.0 = Debug|x64
		{964D5F05-5895-4913-9731-AEF6B7EC436B}.Debug|x86.ActiveCfg = Debug|Win32
		{964D5F05-5895-4913-9731-AEF6B7EC436B}.Debug|x86.Build.0 = Debug|Win32
		{964D5F05-5895-4913-9731-AEF6B7EC436B}.Release|x64.ActiveCfg = Release|x64
		{964D5F05-5895-4913-9731-AEF6B7EC436B}.Release|x64.Build.0 = Release|x64
		{964D5F05-5895-4913-9731-AEF6B7EC436B}.Release|x86.ActiveCfg = Release|Win32
		{964D5F05-5895-4913-9731-AEF6B7EC436B}.Release|x86.Build.0 = Release|Win32
	EndGlobalSection
	GlobalSection(SolutionProperties) = preSolution
		HideSolutionNode = FALSE
	EndGlobalSection
	GlobalSection(ExtensibilityGlobals) = postSolution
		SolutionGuid = {EF6D4E85-F2B7-4DA8-9709-C6BB71E9E55B}
	EndGlobalSection
EndGlobal
